# This file was autogenerated by uv via the following command:
#    uv pip compile pyproject.toml --extra dev -o requirements-dev.lock
colorama==0.4.6
    # via pytest
filelock==3.32.2
    # via torch
fsspec==2026.7.0
    # via torch
iniconfig==2.3.0
    # via pytest
jinja2==3.1.6
    # via torch
markupsafe==3.0.3
    # via jinja2
mpmath==1.3.0
    # via sympy
networkx==3.6.1
    # via torch
numpy==2.5.1
    # via
    #   game-cls (pyproject.toml)
    #   torchvision
packaging==26.3
    # via pytest
pillow==12.3.0
    # via
    #   game-cls (pyproject.toml)
    #   torchvision
pluggy==1.6.0
    # via pytest
pyarrow==25.0.0
    # via game-cls (pyproject.toml)
pygments==2.20.0
    # via pytest
pytest==9.1.1
    # via game-cls (pyproject.toml)
pyyaml==6.0.3
    # via game-cls (pyproject.toml)
setuptools==83.0.0
    # via torch
sympy==1.14.0
    # via torch
torch==2.13.0
    # via
    #   game-cls (pyproject.toml)
    #   torchvision
torchvision==0.28.0
    # via game-cls (pyproject.toml)
typing-extensions==4.16.0
    # via torch
