# This file was autogenerated by uv via the following command:
#    uv pip compile pyproject.toml -o requirements.lock
numpy==2.5.1
    # via game-cls (pyproject.toml)
pillow==12.3.0
    # via game-cls (pyproject.toml)
pyarrow==25.0.0
    # via game-cls (pyproject.toml)
pyyaml==6.0.3
    # via game-cls (pyproject.toml)
